
Microsoft Visual Studio Solution File, Format Version 12.00
# Visual Studio Version 16
VisualStudioVersion = 16.0.32106.194
MinimumVisualStudioVersion = 10.0.40219.1
Project("{FAE04EC0-301F-11D3-BF4B-00C04F79EFBC}") = "DeepFactoryPatternCoreExample", "DeepFactoryPatternCoreExample.csproj", "{D566CDE5-1AC7-4355-B85C-07B29236D9D4}"
EndProject
Global
	GlobalSection(SolutionConfigurationPlatforms) = preSolution
		Debug|Any CPU = Debug|Any CPU
		Release|Any CPU = Release|Any CPU
	EndGlobalSection
	GlobalSection(ProjectConfigurationPlatforms) = postSolution
		{D566CDE5-1AC7-4355-B85C-07B29236D9D4}.Debug|Any CPU.ActiveCfg = Debug|Any CPU
		{D566CDE5-1AC7-4355-B85C-07B29236D9D4}.Debug|Any CPU.Build.0 = Debug|Any CPU
		{D566CDE5-1AC7-4355-B85C-07B29236D9D4}.Release|Any CPU.ActiveCfg = Release|Any CPU
		{D566CDE5-1AC7-4355-B85C-07B29236D9D4}.Release|Any CPU.Build.0 = Release|Any CPU
	EndGlobalSection
	GlobalSection(SolutionProperties) = preSolution
		HideSolutionNode = FALSE
	EndGlobalSection
	GlobalSection(ExtensibilityGlobals) = postSolution
		SolutionGuid = {E07DAA6B-360D-4342-87BB-0D088E9F1F5F}
	EndGlobalSection
EndGlobal
